
Microsoft Visual Studio Solution File, Format Version 12.00
# Visual Studio Version 17
VisualStudioVersion = 17.8.34601.278
MinimumVisualStudioVersion = 10.0.40219.1
Project("{9A19103F-16F7-4668-BE54-9A1E7A4F7556}") = "PassByDelegateV1", "PassByDelegateV1\PassByDelegateV1.csproj", "{DE63DF39-543B-4D68-A506-1C68A755F190}"
EndProject
Project("{9A19103F-16F7-4668-BE54-9A1E7A4F7556}") = "PassByDelegateV2", "PassByDelegateV2\PassByDelegateV2.csproj", "{AE319F86-CB90-4366-9A1E-EDC11B26F0DE}"
EndProject
Project("{9A19103F-16F7-4668-BE54-9A1E7A4F7556}") = "PassByDelegateV3", "PassByDelegateV3\PassByDelegateV3.csproj", "{AA8CD8B9-2DE2-48D9-830B-DC7F70982D60}"
EndProject
Project("{9A19103F-16F7-4668-BE54-9A1E7A4F7556}") = "PassByDelegateV4", "PassByDelegateV4\PassByDelegateV4.csproj", "{D08AF96A-81F9-46A0-8CEF-237A219C883B}"
EndProject
Project("{9A19103F-16F7-4668-BE54-9A1E7A4F7556}") = "PassByAction", "PassByAction\PassByAction.csproj", "{05C6263D-FE29-4639-A1B4-DA3DF6C8B821}"
EndProject
Project("{9A19103F-16F7-4668-BE54-9A1E7A4F7556}") = "PassByActionGenericV1", "PassByActionGenericV1\PassByActionGenericV1.csproj", "{7DF12244-5485-4C62-AA01-6C8207539CAA}"
EndProject
Project("{FAE04EC0-301F-11D3-BF4B-00C04F79EFBC}") = "Numerology", "Numerology\Numerology.csproj", "{3A5004DF-17CC-4928-B912-8FB68289EC53}"
EndProject
Project("{FAE04EC0-301F-11D3-BF4B-00C04F79EFBC}") = "PassByFunc", "PassByActionV2\PassByFunc.csproj", "{8F387DF3-3354-4538-9B32-2352DF7A7F6B}"
EndProject
Global
	GlobalSection(SolutionConfigurationPlatforms) = preSolution
		Debug|Any CPU = Debug|Any CPU
		Release|Any CPU = Release|Any CPU
	EndGlobalSection
	GlobalSection(ProjectConfigurationPlatforms) = postSolution
		{DE63DF39-543B-4D68-A506-1C68A755F190}.Debug|Any CPU.ActiveCfg = Debug|Any CPU
		{DE63DF39-543B-4D68-A506-1C68A755F190}.Debug|Any CPU.Build.0 = Debug|Any CPU
		{DE63DF39-543B-4D68-A506-1C68A755F190}.Release|Any CPU.ActiveCfg = Release|Any CPU
		{DE63DF39-543B-4D68-A506-1C68A755F190}.Release|Any CPU.Build.0 = Release|Any CPU
		{AE319F86-CB90-4366-9A1E-EDC11B26F0DE}.Debug|Any CPU.ActiveCfg = Debug|Any CPU
		{AE319F86-CB90-4366-9A1E-EDC11B26F0DE}.Debug|Any CPU.Build.0 = Debug|Any CPU
		{AE319F86-CB90-4366-9A1E-EDC11B26F0DE}.Release|Any CPU.ActiveCfg = Release|Any CPU
		{AE319F86-CB90-4366-9A1E-EDC11B26F0DE}.Release|Any CPU.Build.0 = Release|Any CPU
		{AA8CD8B9-2DE2-48D9-830B-DC7F70982D60}.Debug|Any CPU.ActiveCfg = Debug|Any CPU
		{AA8CD8B9-2DE2-48D9-830B-DC7F70982D60}.Debug|Any CPU.Build.0 = Debug|Any CPU
		{AA8CD8B9-2DE2-48D9-830B-DC7F70982D60}.Release|Any CPU.ActiveCfg = Release|Any CPU
		{AA8CD8B9-2DE2-48D9-830B-DC7F70982D60}.Release|Any CPU.Build.0 = Release|Any CPU
		{D08AF96A-81F9-46A0-8CEF-237A219C883B}.Debug|Any CPU.ActiveCfg = Debug|Any CPU
		{D08AF96A-81F9-46A0-8CEF-237A219C883B}.Debug|Any CPU.Build.0 = Debug|Any CPU
		{D08AF96A-81F9-46A0-8CEF-237A219C883B}.Release|Any CPU.ActiveCfg = Release|Any CPU
		{D08AF96A-81F9-46A0-8CEF-237A219C883B}.Release|Any CPU.Build.0 = Release|Any CPU
		{05C6263D-FE29-4639-A1B4-DA3DF6C8B821}.Debug|Any CPU.ActiveCfg = Debug|Any CPU
		{05C6263D-FE29-4639-A1B4-DA3DF6C8B821}.Debug|Any CPU.Build.0 = Debug|Any CPU
		{05C6263D-FE29-4639-A1B4-DA3DF6C8B821}.Release|Any CPU.ActiveCfg = Release|Any CPU
		{05C6263D-FE29-4639-A1B4-DA3DF6C8B821}.Release|Any CPU.Build.0 = Release|Any CPU
		{7DF12244-5485-4C62-AA01-6C8207539CAA}.Debug|Any CPU.ActiveCfg = Debug|Any CPU
		{7DF12244-5485-4C62-AA01-6C8207539CAA}.Debug|Any CPU.Build.0 = Debug|Any CPU
		{7DF12244-5485-4C62-AA01-6C8207539CAA}.Release|Any CPU.ActiveCfg = Release|Any CPU
		{7DF12244-5485-4C62-AA01-6C8207539CAA}.Release|Any CPU.Build.0 = Release|Any CPU
		{3A5004DF-17CC-4928-B912-8FB68289EC53}.Debug|Any CPU.ActiveCfg = Debug|Any CPU
		{3A5004DF-17CC-4928-B912-8FB68289EC53}.Debug|Any CPU.Build.0 = Debug|Any CPU
		{3A5004DF-17CC-4928-B912-8FB68289EC53}.Release|Any CPU.ActiveCfg = Release|Any CPU
		{3A5004DF-17CC-4928-B912-8FB68289EC53}.Release|Any CPU.Build.0 = Release|Any CPU
		{8F387DF3-3354-4538-9B32-2352DF7A7F6B}.Debug|Any CPU.ActiveCfg = Debug|Any CPU
		{8F387DF3-3354-4538-9B32-2352DF7A7F6B}.Debug|Any CPU.Build.0 = Debug|Any CPU
		{8F387DF3-3354-4538-9B32-2352DF7A7F6B}.Release|Any CPU.ActiveCfg = Release|Any CPU
		{8F387DF3-3354-4538-9B32-2352DF7A7F6B}.Release|Any CPU.Build.0 = Release|Any CPU
	EndGlobalSection
	GlobalSection(SolutionProperties) = preSolution
		HideSolutionNode = FALSE
	EndGlobalSection
	GlobalSection(ExtensibilityGlobals) = postSolution
		SolutionGuid = {2AB3B196-8EFE-495D-B3E9-D0860DD188C4}
	EndGlobalSection
EndGlobal
