
Microsoft Visual Studio Solution File, Format Version 12.00
# Visual Studio Version 17
VisualStudioVersion = 17.8.34511.84
MinimumVisualStudioVersion = 10.0.40219.1
Project("{FAE04EC0-301F-11D3-BF4B-00C04F79EFBC}") = "StudentManager", "StudentManager\StudentManager.csproj", "{14BCAEA6-72D5-48C2-8155-76D33B89B184}"
EndProject
Global
	GlobalSection(SolutionConfigurationPlatforms) = preSolution
		Debug|Any CPU = Debug|Any CPU
		Release|Any CPU = Release|Any CPU
	EndGlobalSection
	GlobalSection(ProjectConfigurationPlatforms) = postSolution
		{14BCAEA6-72D5-48C2-8155-76D33B89B184}.Debug|Any CPU.ActiveCfg = Debug|Any CPU
		{14BCAEA6-72D5-48C2-8155-76D33B89B184}.Debug|Any CPU.Build.0 = Debug|Any CPU
		{14BCAEA6-72D5-48C2-8155-76D33B89B184}.Release|Any CPU.ActiveCfg = Release|Any CPU
		{14BCAEA6-72D5-48C2-8155-76D33B89B184}.Release|Any CPU.Build.0 = Release|Any CPU
	EndGlobalSection
	GlobalSection(SolutionProperties) = preSolution
		HideSolutionNode = FALSE
	EndGlobalSection
	GlobalSection(ExtensibilityGlobals) = postSolution
		SolutionGuid = {E55E5166-A97E-4A1D-AA0E-13C274F16A42}
	EndGlobalSection
EndGlobal
